// !$*UTF8*$!
{
	archiveVersion = 1;
	classes = {
	};
	objectVersion = 50;
	objects = {

/* Begin PBXBuildFile section */
		0C07A53D228DD61100425756 /* Board.swift in Sources */ = {isa = PBXBuildFile; fileRef = 0C07A53C228DD61100425756 /* Board.swift */; };
		0C07A545228DE0CD00425756 /* FourAlignedTests.swift in Sources */ = {isa = PBXBuildFile; fileRef = 0C07A544228DE0CD00425756 /* FourAlignedTests.swift */; };
		0C307948228B3B6700C6D64A /* AppDelegate.swift in Sources */ = {isa = PBXBuildFile; fileRef = 0C307947228B3B6700C6D64A /* AppDelegate.swift */; };
		0C30794A228B3B6700C6D64A /* GameScene.sks in Resources */ = {isa = PBXBuildFile; fileRef = 0C307949228B3B6700C6D64A /* GameScene.sks */; };
		0C30794E228B3B6700C6D64A /* GameScene.swift in Sources */ = {isa = PBXBuildFile; fileRef = 0C30794D228B3B6700C6D64A /* GameScene.swift */; };
		0C307950228B3B6700C6D64A /* GameViewController.swift in Sources */ = {isa = PBXBuildFile; fileRef = 0C30794F228B3B6700C6D64A /* GameViewController.swift */; };
		0C307953228B3B6700C6D64A /* Main.storyboard in Resources */ = {isa = PBXBuildFile; fileRef = 0C307951228B3B6700C6D64A /* Main.storyboard */; };
		0C307955228B3B6900C6D64A /* Assets.xcassets in Resources */ = {isa = PBXBuildFile; fileRef = 0C307954228B3B6900C6D64A /* Assets.xcassets */; };
		0C307958228B3B6900C6D64A /* LaunchScreen.storyboard in Resources */ = {isa = PBXBuildFile; fileRef = 0C307956228B3B6900C6D64A /* LaunchScreen.storyboard */; };
/* End PBXBuildFile section */

/* Begin PBXContainerItemProxy section */
		0C07A547228DE0CD00425756 /* PBXContainerItemProxy */ = {
			isa = PBXContainerItemProxy;
			containerPortal = 0C30793C228B3B6700C6D64A /* Project object */;
			proxyType = 1;
			remoteGlobalIDString = 0C307943228B3B6700C6D64A;
			remoteInfo = FourAligned;
		};
/* End PBXContainerItemProxy section */

/* Begin PBXFileReference section */
		0C07A53C228DD61100425756 /* Board.swift */ = {isa = PBXFileReference; lastKnownFileType = sourcecode.swift; path = Board.swift; sourceTree = "<group>"; };
		0C07A542228DE0CD00425756 /* FourAlignedTests.xctest */ = {isa = PBXFileReference; explicitFileType = wrapper.cfbundle; includeInIndex = 0; path = FourAlignedTests.xctest; sourceTree = BUILT_PRODUCTS_DIR; };
		0C07A544228DE0CD00425756 /* FourAlignedTests.swift */ = {isa = PBXFileReference; lastKnownFileType = sourcecode.swift; path = FourAlignedTests.swift; sourceTree = "<group>"; };
		0C07A546228DE0CD00425756 /* Info.plist */ = {isa = PBXFileReference; lastKnownFileType = text.plist.xml; path = Info.plist; sourceTree = "<group>"; };
		0C307944228B3B6700C6D64A /* FourAligned.app */ = {isa = PBXFileReference; explicitFileType = wrapper.application; includeInIndex = 0; path = FourAligned.app; sourceTree = BUILT_PRODUCTS_DIR; };
		0C307947228B3B6700C6D64A /* AppDelegate.swift */ = {isa = PBXFileReference; lastKnownFileType = sourcecode.swift; path = AppDelegate.swift; sourceTree = "<group>"; };
		0C307949228B3B6700C6D64A /* GameScene.sks */ = {isa = PBXFileReference; lastKnownFileType = file.sks; path = GameScene.sks; sourceTree = "<group>"; };
		0C30794D228B3B6700C6D64A /* GameScene.swift */ = {isa = PBXFileReference; lastKnownFileType = sourcecode.swift; path = GameScene.swift; sourceTree = "<group>"; };
		0C30794F228B3B6700C6D64A /* GameViewController.swift */ = {isa = PBXFileReference; lastKnownFileType = sourcecode.swift; path = GameViewController.swift; sourceTree = "<group>"; };
		0C307952228B3B6700C6D64A /* Base */ = {isa = PBXFileReference; lastKnownFileType = file.storyboard; name = Base; path = Base.lproj/Main.storyboard; sourceTree = "<group>"; };
		0C307954228B3B6900C6D64A /* Assets.xcassets */ = {isa = PBXFileReference; lastKnownFileType = folder.assetcatalog; path = Assets.xcassets; sourceTree = "<group>"; };
		0C307957228B3B6900C6D64A /* Base */ = {isa = PBXFileReference; lastKnownFileType = file.storyboard; name = Base; path = Base.lproj/LaunchScreen.storyboard; sourceTree = "<group>"; };
		0C307959228B3B6900C6D64A /* Info.plist */ = {isa = PBXFileReference; lastKnownFileType = text.plist.xml; path = Info.plist; sourceTree = "<group>"; };
/* End PBXFileReference section */

/* Begin PBXFrameworksBuildPhase section */
		0C07A53F228DE0CD00425756 /* Frameworks */ = {
			isa = PBXFrameworksBuildPhase;
			buildActionMask = 2147483647;
			files = (
			);
			runOnlyForDeploymentPostprocessing = 0;
		};
		0C307941228B3B6700C6D64A /* Frameworks */ = {
			isa = PBXFrameworksBuildPhase;
			buildActionMask = 2147483647;
			files = (
			);
			runOnlyForDeploymentPostprocessing = 0;
		};
/* End PBXFrameworksBuildPhase section */

/* Begin PBXGroup section */
		0C07A543228DE0CD00425756 /* FourAlignedTests */ = {
			isa = PBXGroup;
			children = (
				0C07A544228DE0CD00425756 /* FourAlignedTests.swift */,
				0C07A546228DE0CD00425756 /* Info.plist */,
			);
			path = FourAlignedTests;
			sourceTree = "<group>";
		};
		0C30793B228B3B6700C6D64A = {
			isa = PBXGroup;
			children = (
				0C307946228B3B6700C6D64A /* FourAligned */,
				0C07A543228DE0CD00425756 /* FourAlignedTests */,
				0C307945228B3B6700C6D64A /* Products */,
			);
			sourceTree = "<group>";
		};
		0C307945228B3B6700C6D64A /* Products */ = {
			isa = PBXGroup;
			children = (
				0C307944228B3B6700C6D64A /* FourAligned.app */,
				0C07A542228DE0CD00425756 /* FourAlignedTests.xctest */,
			);
			name = Products;
			sourceTree = "<group>";
		};
		0C307946228B3B6700C6D64A /* FourAligned */ = {
			isa = PBXGroup;
			children = (
				0C07A53C228DD61100425756 /* Board.swift */,
				0C307947228B3B6700C6D64A /* AppDelegate.swift */,
				0C307949228B3B6700C6D64A /* GameScene.sks */,
				0C30794D228B3B6700C6D64A /* GameScene.swift */,
				0C30794F228B3B6700C6D64A /* GameViewController.swift */,
				0C307951228B3B6700C6D64A /* Main.storyboard */,
				0C307954228B3B6900C6D64A /* Assets.xcassets */,
				0C307956228B3B6900C6D64A /* LaunchScreen.storyboard */,
				0C307959228B3B6900C6D64A /* Info.plist */,
			);
			path = FourAligned;
			sourceTree = "<group>";
		};
/* End PBXGroup section */

/* Begin PBXNativeTarget section */
		0C07A541228DE0CD00425756 /* FourAlignedTests */ = {
			isa = PBXNativeTarget;
			buildConfigurationList = 0C07A549228DE0CD00425756 /* Build configuration list for PBXNativeTarget "FourAlignedTests" */;
			buildPhases = (
				0C07A53E228DE0CD00425756 /* Sources */,
				0C07A53F228DE0CD00425756 /* Frameworks */,
				0C07A540228DE0CD00425756 /* Resources */,
			);
			buildRules = (
			);
			dependencies = (
				0C07A548228DE0CD00425756 /* PBXTargetDependency */,
			);
			name = FourAlignedTests;
			productName = FourAlignedTests;
			productReference = 0C07A542228DE0CD00425756 /* FourAlignedTests.xctest */;
			productType = "com.apple.product-type.bundle.unit-test";
		};
		0C307943228B3B6700C6D64A /* FourAligned */ = {
			isa = PBXNativeTarget;
			buildConfigurationList = 0C30795C228B3B6900C6D64A /* Build configuration list for PBXNativeTarget "FourAligned" */;
			buildPhases = (
				0C307940228B3B6700C6D64A /* Sources */,
				0C307941228B3B6700C6D64A /* Frameworks */,
				0C307942228B3B6700C6D64A /* Resources */,
			);
			buildRules = (
			);
			dependencies = (
			);
			name = FourAligned;
			productName = FourAligned;
			productReference = 0C307944228B3B6700C6D64A /* FourAligned.app */;
			productType = "com.apple.product-type.application";
		};
/* End PBXNativeTarget section */

/* Begin PBXProject section */
		0C30793C228B3B6700C6D64A /* Project object */ = {
			isa = PBXProject;
			attributes = {
				LastSwiftUpdateCheck = 1020;
				LastUpgradeCheck = 1020;
				ORGANIZATIONNAME = Chams;
				TargetAttributes = {
					0C07A541228DE0CD00425756 = {
						CreatedOnToolsVersion = 10.2.1;
						TestTargetID = 0C307943228B3B6700C6D64A;
					};
					0C307943228B3B6700C6D64A = {
						CreatedOnToolsVersion = 10.2.1;
					};
				};
			};
			buildConfigurationList = 0C30793F228B3B6700C6D64A /* Build configuration list for PBXProject "FourAligned" */;
			compatibilityVersion = "Xcode 9.3";
			developmentRegion = en;
			hasScannedForEncodings = 0;
			knownRegions = (
				en,
				Base,
			);
			mainGroup = 0C30793B228B3B6700C6D64A;
			productRefGroup = 0C307945228B3B6700C6D64A /* Products */;
			projectDirPath = "";
			projectRoot = "";
			targets = (
				0C307943228B3B6700C6D64A /* FourAligned */,
				0C07A541228DE0CD00425756 /* FourAlignedTests */,
			);
		};
/* End PBXProject section */

/* Begin PBXResourcesBuildPhase section */
		0C07A540228DE0CD00425756 /* Resources */ = {
			isa = PBXResourcesBuildPhase;
			buildActionMask = 2147483647;
			files = (
			);
			runOnlyForDeploymentPostprocessing = 0;
		};
		0C307942228B3B6700C6D64A /* Resources */ = {
			isa = PBXResourcesBuildPhase;
			buildActionMask = 2147483647;
			files = (
				0C307953228B3B6700C6D64A /* Main.storyboard in Resources */,
				0C30794A228B3B6700C6D64A /* GameScene.sks in Resources */,
				0C307955228B3B6900C6D64A /* Assets.xcassets in Resources */,
				0C307958228B3B6900C6D64A /* LaunchScreen.storyboard in Resources */,
			);
			runOnlyForDeploymentPostprocessing = 0;
		};
/* End PBXResourcesBuildPhase section */

/* Begin PBXSourcesBuildPhase section */
		0C07A53E228DE0CD00425756 /* Sources */ = {
			isa = PBXSourcesBuildPhase;
			buildActionMask = 2147483647;
			files = (
				0C07A545228DE0CD00425756 /* FourAlignedTests.swift in Sources */,
			);
			runOnlyForDeploymentPostprocessing = 0;
		};
		0C307940228B3B6700C6D64A /* Sources */ = {
			isa = PBXSourcesBuildPhase;
			buildActionMask = 2147483647;
			files = (
				0C30794E228B3B6700C6D64A /* GameScene.swift in Sources */,
				0C307950228B3B6700C6D64A /* GameViewController.swift in Sources */,
				0C07A53D228DD61100425756 /* Board.swift in Sources */,
				0C307948228B3B6700C6D64A /* AppDelegate.swift in Sources */,
			);
			runOnlyForDeploymentPostprocessing = 0;
		};
/* End PBXSourcesBuildPhase section */

/* Begin PBXTargetDependency section */
		0C07A548228DE0CD00425756 /* PBXTargetDependency */ = {
			isa = PBXTargetDependency;
			target = 0C307943228B3B6700C6D64A /* FourAligned */;
			targetProxy = 0C07A547228DE0CD00425756 /* PBXContainerItemProxy */;
		};
/* End PBXTargetDependency section */

/* Begin PBXVariantGroup section */
		0C307951228B3B6700C6D64A /* Main.storyboard */ = {
			isa = PBXVariantGroup;
			children = (
				0C307952228B3B6700C6D64A /* Base */,
			);
			name = Main.storyboard;
			sourceTree = "<group>";
		};
		0C307956228B3B6900C6D64A /* LaunchScreen.storyboard */ = {
			isa = PBXVariantGroup;
			children = (
				0C307957228B3B6900C6D64A /* Base */,
			);
			name = LaunchScreen.storyboard;
			sourceTree = "<group>";
		};
/* End PBXVariantGroup section */

/* Begin XCBuildConfiguration section */
		0C07A54A228DE0CD00425756 /* Debug */ = {
			isa = XCBuildConfiguration;
			buildSettings = {
				BUNDLE_LOADER = "$(TEST_HOST)";
				CODE_SIGN_STYLE = Automatic;
				DEVELOPMENT_TEAM = JD3J5GCV9C;
				INFOPLIST_FILE = FourAlignedTests/Info.plist;
				LD_RUNPATH_SEARCH_PATHS = (
					"$(inherited)",
					"@executable_path/Frameworks",
					"@loader_path/Frameworks",
				);
				PRODUCT_BUNDLE_IDENTIFIER = com.chams.FourAlignedTests;
				PRODUCT_NAME = "$(TARGET_NAME)";
				SWIFT_VERSION = 5.0;
				TARGETED_DEVICE_FAMILY = "1,2";
				TEST_HOST = "$(BUILT_PRODUCTS_DIR)/FourAligned.app/FourAligned";
			};
			name = Debug;
		};
		0C07A54B228DE0CD00425756 /* Release */ = {
			isa = XCBuildConfiguration;
			buildSettings = {
				BUNDLE_LOADER = "$(TEST_HOST)";
				CODE_SIGN_STYLE = Automatic;
				DEVELOPMENT_TEAM = JD3J5GCV9C;
				INFOPLIST_FILE = FourAlignedTests/Info.plist;
				LD_RUNPATH_SEARCH_PATHS = (
					"$(inherited)",
					"@executable_path/Frameworks",
					"@loader_path/Frameworks",
				);
				PRODUCT_BUNDLE_IDENTIFIER = com.chams.FourAlignedTests;
				PRODUCT_NAME = "$(TARGET_NAME)";
				SWIFT_VERSION = 5.0;
				TARGETED_DEVICE_FAMILY = "1,2";
				TEST_HOST = "$(BUILT_PRODUCTS_DIR)/FourAligned.app/FourAligned";
			};
			name = Release;
		};
		0C30795A228B3B6900C6D64A /* Debug */ = {
			isa = XCBuildConfiguration;
			buildSettings = {
				ALWAYS_SEARCH_USER_PATHS = NO;
				CLANG_ANALYZER_NONNULL = YES;
				CLANG_ANALYZER_NUMBER_OBJECT_CONVERSION = YES_AGGRESSIVE;
				CLANG_CXX_LANGUAGE_STANDARD = "gnu++14";
				CLANG_CXX_LIBRARY = "libc++";
				CLANG_ENABLE_MODULES = YES;
				CLANG_ENABLE_OBJC_ARC = YES;
				CLANG_ENABLE_OBJC_WEAK = YES;
				CLANG_WARN_BLOCK_CAPTURE_AUTORELEASING = YES;
				CLANG_WARN_BOOL_CONVERSION = YES;
				CLANG_WARN_COMMA = YES;
				CLANG_WARN_CONSTANT_CONVERSION = YES;
				CLANG_WARN_DEPRECATED_OBJC_IMPLEMENTATIONS = YES;
				CLANG_WARN_DIRECT_OBJC_ISA_USAGE = YES_ERROR;
				CLANG_WARN_DOCUMENTATION_COMMENTS = YES;
				CLANG_WARN_EMPTY_BODY = YES;
				CLANG_WARN_ENUM_CONVERSION = YES;
				CLANG_WARN_INFINITE_RECURSION = YES;
				CLANG_WARN_INT_CONVERSION = YES;
				CLANG_WARN_NON_LITERAL_NULL_CONVERSION = YES;
				CLANG_WARN_OBJC_IMPLICIT_RETAIN_SELF = YES;
				CLANG_WARN_OBJC_LITERAL_CONVERSION = YES;
				CLANG_WARN_OBJC_ROOT_CLASS = YES_ERROR;
				CLANG_WARN_RANGE_LOOP_ANALYSIS = YES;
				CLANG_WARN_STRICT_PROTOTYPES = YES;
				CLANG_WARN_SUSPICIOUS_MOVE = YES;
				CLANG_WARN_UNGUARDED_AVAILABILITY = YES_AGGRESSIVE;
				CLANG_WARN_UNREACHABLE_CODE = YES;
				CLANG_WARN__DUPLICATE_METHOD_MATCH = YES;
				CODE_SIGN_IDENTITY = "iPhone Developer";
				COPY_PHASE_STRIP = NO;
				DEBUG_INFORMATION_FORMAT = dwarf;
				ENABLE_STRICT_OBJC_MSGSEND = YES;
				ENABLE_TESTABILITY = YES;
				GCC_C_LANGUAGE_STANDARD = gnu11;
				GCC_DYNAMIC_NO_PIC = NO;
				GCC_NO_COMMON_BLOCKS = YES;
				GCC_OPTIMIZATION_LEVEL = 0;
				GCC_PREPROCESSOR_DEFINITIONS = (
					"DEBUG=1",
					"$(inherited)",
				);
				GCC_WARN_64_TO_32_BIT_CONVERSION = YES;
				GCC_WARN_ABOUT_RETURN_TYPE = YES_ERROR;
				GCC_WARN_UNDECLARED_SELECTOR = YES;
				GCC_WARN_UNINITIALIZED_AUTOS = YES_AGGRESSIVE;
				GCC_WARN_UNUSED_FUNCTION = YES;
				GCC_WARN_UNUSED_VARIABLE = YES;
				IPHONEOS_DEPLOYMENT_TARGET = 12.2;
				MTL_ENABLE_DEBUG_INFO = INCLUDE_SOURCE;
				MTL_FAST_MATH = YES;
				ONLY_ACTIVE_ARCH = YES;
				SDKROOT = iphoneos;
				SWIFT_ACTIVE_COMPILATION_CONDITIONS = DEBUG;
				SWIFT_OPTIMIZATION_LEVEL = "-Onone";
			};
			name = Debug;
		};
		0C30795B228B3B6900C6D64A /* Release */ = {
			isa = XCBuildConfiguration;
			buildSettings = {
				ALWAYS_SEARCH_USER_PATHS = NO;
				CLANG_ANALYZER_NONNULL = YES;
				CLANG_ANALYZER_NUMBER_OBJECT_CONVERSION = YES_AGGRESSIVE;
				CLANG_CXX_LANGUAGE_STANDARD = "gnu++14";
				CLANG_CXX_LIBRARY = "libc++";
				CLANG_ENABLE_MODULES = YES;
				CLANG_ENABLE_OBJC_ARC = YES;
				CLANG_ENABLE_OBJC_WEAK = YES;
				CLANG_WARN_BLOCK_CAPTURE_AUTORELEASING = YES;
				CLANG_WARN_BOOL_CONVERSION = YES;
				CLANG_WARN_COMMA = YES;
				CLANG_WARN_CONSTANT_CONVERSION = YES;
				CLANG_WARN_DEPRECATED_OBJC_IMPLEMENTATIONS = YES;
				CLANG_WARN_DIRECT_OBJC_ISA_USAGE = YES_ERROR;
				CLANG_WARN_DOCUMENTATION_COMMENTS = YES;
				CLANG_WARN_EMPTY_BODY = YES;
				CLANG_WARN_ENUM_CONVERSION = YES;
				CLANG_WARN_INFINITE_RECURSION = YES;
				CLANG_WARN_INT_CONVERSION = YES;
				CLANG_WARN_NON_LITERAL_NULL_CONVERSION = YES;
				CLANG_WARN_OBJC_IMPLICIT_RETAIN_SELF = YES;
				CLANG_WARN_OBJC_LITERAL_CONVERSION = YES;
				CLANG_WARN_OBJC_ROOT_CLASS = YES_ERROR;
				CLANG_WARN_RANGE_LOOP_ANALYSIS = YES;
				CLANG_WARN_STRICT_PROTOTYPES = YES;
				CLANG_WARN_SUSPICIOUS_MOVE = YES;
				CLANG_WARN_UNGUARDED_AVAILABILITY = YES_AGGRESSIVE;
				CLANG_WARN_UNREACHABLE_CODE = YES;
				CLANG_WARN__DUPLICATE_METHOD_MATCH = YES;
				CODE_SIGN_IDENTITY = "iPhone Developer";
				COPY_PHASE_STRIP = NO;
				DEBUG_INFORMATION_FORMAT = "dwarf-with-dsym";
				ENABLE_NS_ASSERTIONS = NO;
				ENABLE_STRICT_OBJC_MSGSEND = YES;
				GCC_C_LANGUAGE_STANDARD = gnu11;
				GCC_NO_COMMON_BLOCKS = YES;
				GCC_WARN_64_TO_32_BIT_CONVERSION = YES;
				GCC_WARN_ABOUT_RETURN_TYPE = YES_ERROR;
				GCC_WARN_UNDECLARED_SELECTOR = YES;
				GCC_WARN_UNINITIALIZED_AUTOS = YES_AGGRESSIVE;
				GCC_WARN_UNUSED_FUNCTION = YES;
				GCC_WARN_UNUSED_VARIABLE = YES;
				IPHONEOS_DEPLOYMENT_TARGET = 12.2;
				MTL_ENABLE_DEBUG_INFO = NO;
				MTL_FAST_MATH = YES;
				SDKROOT = iphoneos;
				SWIFT_COMPILATION_MODE = wholemodule;
				SWIFT_OPTIMIZATION_LEVEL = "-O";
				VALIDATE_PRODUCT = YES;
			};
			name = Release;
		};
		0C30795D228B3B6900C6D64A /* Debug */ = {
			isa = XCBuildConfiguration;
			buildSettings = {
				ASSETCATALOG_COMPILER_APPICON_NAME = AppIcon;
				CODE_SIGN_STYLE = Automatic;
				DEVELOPMENT_TEAM = JD3J5GCV9C;
				INFOPLIST_FILE = FourAligned/Info.plist;
				LD_RUNPATH_SEARCH_PATHS = (
					"$(inherited)",
					"@executable_path/Frameworks",
				);
				PRODUCT_BUNDLE_IDENTIFIER = com.chams.FourAligned;
				PRODUCT_NAME = "$(TARGET_NAME)";
				SWIFT_VERSION = 5.0;
				TARGETED_DEVICE_FAMILY = 2;
			};
			name = Debug;
		};
		0C30795E228B3B6900C6D64A /* Release */ = {
			isa = XCBuildConfiguration;
			buildSettings = {
				ASSETCATALOG_COMPILER_APPICON_NAME = AppIcon;
				CODE_SIGN_STYLE = Automatic;
				DEVELOPMENT_TEAM = JD3J5GCV9C;
				INFOPLIST_FILE = FourAligned/Info.plist;
				LD_RUNPATH_SEARCH_PATHS = (
					"$(inherited)",
					"@executable_path/Frameworks",
				);
				PRODUCT_BUNDLE_IDENTIFIER = com.chams.FourAligned;
				PRODUCT_NAME = "$(TARGET_NAME)";
				SWIFT_VERSION = 5.0;
				TARGETED_DEVICE_FAMILY = 2;
			};
			name = Release;
		};
/* End XCBuildConfiguration section */

/* Begin XCConfigurationList section */
		0C07A549228DE0CD00425756 /* Build configuration list for PBXNativeTarget "FourAlignedTests" */ = {
			isa = XCConfigurationList;
			buildConfigurations = (
				0C07A54A228DE0CD00425756 /* Debug */,
				0C07A54B228DE0CD00425756 /* Release */,
			);
			defaultConfigurationIsVisible = 0;
			defaultConfigurationName = Release;
		};
		0C30793F228B3B6700C6D64A /* Build configuration list for PBXProject "FourAligned" */ = {
			isa = XCConfigurationList;
			buildConfigurations = (
				0C30795A228B3B6900C6D64A /* Debug */,
				0C30795B228B3B6900C6D64A /* Release */,
			);
			defaultConfigurationIsVisible = 0;
			defaultConfigurationName = Release;
		};
		0C30795C228B3B6900C6D64A /* Build configuration list for PBXNativeTarget "FourAligned" */ = {
			isa = XCConfigurationList;
			buildConfigurations = (
				0C30795D228B3B6900C6D64A /* Debug */,
				0C30795E228B3B6900C6D64A /* Release */,
			);
			defaultConfigurationIsVisible = 0;
			defaultConfigurationName = Release;
		};
/* End XCConfigurationList section */
	};
	rootObject = 0C30793C228B3B6700C6D64A /* Project object */;
}
