// !$*UTF8*$!
{
	archiveVersion = 1;
	classes = {
	};
	objectVersion = 50;
	objects = {

/* Begin PBXBuildFile section */
		0C0627B5227394E100EB0C6E /* AppDelegate.swift in Sources */ = {isa = PBXBuildFile; fileRef = 0C0627B4227394E100EB0C6E /* AppDelegate.swift */; };
		0C0627B7227394E100EB0C6E /* GameScene.sks in Resources */ = {isa = PBXBuildFile; fileRef = 0C0627B6227394E100EB0C6E /* GameScene.sks */; };
		0C0627BB227394E100EB0C6E /* GameScene.swift in Sources */ = {isa = PBXBuildFile; fileRef = 0C0627BA227394E100EB0C6E /* GameScene.swift */; };
		0C0627BD227394E100EB0C6E /* GameViewController.swift in Sources */ = {isa = PBXBuildFile; fileRef = 0C0627BC227394E100EB0C6E /* GameViewController.swift */; };
		0C0627C0227394E100EB0C6E /* Main.storyboard in Resources */ = {isa = PBXBuildFile; fileRef = 0C0627BE227394E100EB0C6E /* Main.storyboard */; };
		0C0627C2227394E200EB0C6E /* Assets.xcassets in Resources */ = {isa = PBXBuildFile; fileRef = 0C0627C1227394E200EB0C6E /* Assets.xcassets */; };
		0C0627C5227394E200EB0C6E /* LaunchScreen.storyboard in Resources */ = {isa = PBXBuildFile; fileRef = 0C0627C3227394E200EB0C6E /* LaunchScreen.storyboard */; };
		0C0627D42273955500EB0C6E /* spark.png in Resources */ = {isa = PBXBuildFile; fileRef = 0C0627CD2273955500EB0C6E /* spark.png */; };
		0C0627D52273955500EB0C6E /* background.png in Resources */ = {isa = PBXBuildFile; fileRef = 0C0627CE2273955500EB0C6E /* background.png */; };
		0C0627D62273955500EB0C6E /* rocket.png in Resources */ = {isa = PBXBuildFile; fileRef = 0C0627CF2273955500EB0C6E /* rocket.png */; };
		0C0627D72273955500EB0C6E /* fuse.sks in Resources */ = {isa = PBXBuildFile; fileRef = 0C0627D02273955500EB0C6E /* fuse.sks */; };
		0C0627D82273955500EB0C6E /* explode.sks in Resources */ = {isa = PBXBuildFile; fileRef = 0C0627D12273955500EB0C6E /* explode.sks */; };
		0C0627D92273955500EB0C6E /* background@2x.png in Resources */ = {isa = PBXBuildFile; fileRef = 0C0627D22273955500EB0C6E /* background@2x.png */; };
		0C0627DA2273955500EB0C6E /* rocket@2x.png in Resources */ = {isa = PBXBuildFile; fileRef = 0C0627D32273955500EB0C6E /* rocket@2x.png */; };
/* End PBXBuildFile section */

/* Begin PBXFileReference section */
		0C0627B1227394E100EB0C6E /* Project20.app */ = {isa = PBXFileReference; explicitFileType = wrapper.application; includeInIndex = 0; path = Project20.app; sourceTree = BUILT_PRODUCTS_DIR; };
		0C0627B4227394E100EB0C6E /* AppDelegate.swift */ = {isa = PBXFileReference; lastKnownFileType = sourcecode.swift; path = AppDelegate.swift; sourceTree = "<group>"; };
		0C0627B6227394E100EB0C6E /* GameScene.sks */ = {isa = PBXFileReference; lastKnownFileType = file.sks; path = GameScene.sks; sourceTree = "<group>"; };
		0C0627BA227394E100EB0C6E /* GameScene.swift */ = {isa = PBXFileReference; lastKnownFileType = sourcecode.swift; path = GameScene.swift; sourceTree = "<group>"; };
		0C0627BC227394E100EB0C6E /* GameViewController.swift */ = {isa = PBXFileReference; lastKnownFileType = sourcecode.swift; path = GameViewController.swift; sourceTree = "<group>"; };
		0C0627BF227394E100EB0C6E /* Base */ = {isa = PBXFileReference; lastKnownFileType = file.storyboard; name = Base; path = Base.lproj/Main.storyboard; sourceTree = "<group>"; };
		0C0627C1227394E200EB0C6E /* Assets.xcassets */ = {isa = PBXFileReference; lastKnownFileType = folder.assetcatalog; path = Assets.xcassets; sourceTree = "<group>"; };
		0C0627C4227394E200EB0C6E /* Base */ = {isa = PBXFileReference; lastKnownFileType = file.storyboard; name = Base; path = Base.lproj/LaunchScreen.storyboard; sourceTree = "<group>"; };
		0C0627C6227394E200EB0C6E /* Info.plist */ = {isa = PBXFileReference; lastKnownFileType = text.plist.xml; path = Info.plist; sourceTree = "<group>"; };
		0C0627CD2273955500EB0C6E /* spark.png */ = {isa = PBXFileReference; lastKnownFileType = image.png; path = spark.png; sourceTree = "<group>"; };
		0C0627CE2273955500EB0C6E /* background.png */ = {isa = PBXFileReference; lastKnownFileType = image.png; path = background.png; sourceTree = "<group>"; };
		0C0627CF2273955500EB0C6E /* rocket.png */ = {isa = PBXFileReference; lastKnownFileType = image.png; path = rocket.png; sourceTree = "<group>"; };
		0C0627D02273955500EB0C6E /* fuse.sks */ = {isa = PBXFileReference; lastKnownFileType = file.sks; path = fuse.sks; sourceTree = "<group>"; };
		0C0627D12273955500EB0C6E /* explode.sks */ = {isa = PBXFileReference; lastKnownFileType = file.sks; path = explode.sks; sourceTree = "<group>"; };
		0C0627D22273955500EB0C6E /* background@2x.png */ = {isa = PBXFileReference; lastKnownFileType = image.png; path = "background@2x.png"; sourceTree = "<group>"; };
		0C0627D32273955500EB0C6E /* rocket@2x.png */ = {isa = PBXFileReference; lastKnownFileType = image.png; path = "rocket@2x.png"; sourceTree = "<group>"; };
/* End PBXFileReference section */

/* Begin PBXFrameworksBuildPhase section */
		0C0627AE227394E100EB0C6E /* Frameworks */ = {
			isa = PBXFrameworksBuildPhase;
			buildActionMask = 2147483647;
			files = (
			);
			runOnlyForDeploymentPostprocessing = 0;
		};
/* End PBXFrameworksBuildPhase section */

/* Begin PBXGroup section */
		0C0627A8227394E100EB0C6E = {
			isa = PBXGroup;
			children = (
				0C0627B3227394E100EB0C6E /* Project20 */,
				0C0627B2227394E100EB0C6E /* Products */,
			);
			sourceTree = "<group>";
		};
		0C0627B2227394E100EB0C6E /* Products */ = {
			isa = PBXGroup;
			children = (
				0C0627B1227394E100EB0C6E /* Project20.app */,
			);
			name = Products;
			sourceTree = "<group>";
		};
		0C0627B3227394E100EB0C6E /* Project20 */ = {
			isa = PBXGroup;
			children = (
				0C0627B4227394E100EB0C6E /* AppDelegate.swift */,
				0C0627B6227394E100EB0C6E /* GameScene.sks */,
				0C0627BA227394E100EB0C6E /* GameScene.swift */,
				0C0627BC227394E100EB0C6E /* GameViewController.swift */,
				0C0627BE227394E100EB0C6E /* Main.storyboard */,
				0C0627C1227394E200EB0C6E /* Assets.xcassets */,
				0C0627C3227394E200EB0C6E /* LaunchScreen.storyboard */,
				0C0627C6227394E200EB0C6E /* Info.plist */,
				0C0627CC2273955500EB0C6E /* Content */,
			);
			path = Project20;
			sourceTree = "<group>";
		};
		0C0627CC2273955500EB0C6E /* Content */ = {
			isa = PBXGroup;
			children = (
				0C0627CD2273955500EB0C6E /* spark.png */,
				0C0627CE2273955500EB0C6E /* background.png */,
				0C0627CF2273955500EB0C6E /* rocket.png */,
				0C0627D02273955500EB0C6E /* fuse.sks */,
				0C0627D12273955500EB0C6E /* explode.sks */,
				0C0627D22273955500EB0C6E /* background@2x.png */,
				0C0627D32273955500EB0C6E /* rocket@2x.png */,
			);
			path = Content;
			sourceTree = "<group>";
		};
/* End PBXGroup section */

/* Begin PBXNativeTarget section */
		0C0627B0227394E100EB0C6E /* Project20 */ = {
			isa = PBXNativeTarget;
			buildConfigurationList = 0C0627C9227394E200EB0C6E /* Build configuration list for PBXNativeTarget "Project20" */;
			buildPhases = (
				0C0627AD227394E100EB0C6E /* Sources */,
				0C0627AE227394E100EB0C6E /* Frameworks */,
				0C0627AF227394E100EB0C6E /* Resources */,
			);
			buildRules = (
			);
			dependencies = (
			);
			name = Project20;
			productName = Project20;
			productReference = 0C0627B1227394E100EB0C6E /* Project20.app */;
			productType = "com.apple.product-type.application";
		};
/* End PBXNativeTarget section */

/* Begin PBXProject section */
		0C0627A9227394E100EB0C6E /* Project object */ = {
			isa = PBXProject;
			attributes = {
				LastSwiftUpdateCheck = 1020;
				LastUpgradeCheck = 1020;
				ORGANIZATIONNAME = Chams;
				TargetAttributes = {
					0C0627B0227394E100EB0C6E = {
						CreatedOnToolsVersion = 10.2.1;
					};
				};
			};
			buildConfigurationList = 0C0627AC227394E100EB0C6E /* Build configuration list for PBXProject "Project20" */;
			compatibilityVersion = "Xcode 9.3";
			developmentRegion = en;
			hasScannedForEncodings = 0;
			knownRegions = (
				en,
				Base,
			);
			mainGroup = 0C0627A8227394E100EB0C6E;
			productRefGroup = 0C0627B2227394E100EB0C6E /* Products */;
			projectDirPath = "";
			projectRoot = "";
			targets = (
				0C0627B0227394E100EB0C6E /* Project20 */,
			);
		};
/* End PBXProject section */

/* Begin PBXResourcesBuildPhase section */
		0C0627AF227394E100EB0C6E /* Resources */ = {
			isa = PBXResourcesBuildPhase;
			buildActionMask = 2147483647;
			files = (
				0C0627C0227394E100EB0C6E /* Main.storyboard in Resources */,
				0C0627D92273955500EB0C6E /* background@2x.png in Resources */,
				0C0627DA2273955500EB0C6E /* rocket@2x.png in Resources */,
				0C0627D42273955500EB0C6E /* spark.png in Resources */,
				0C0627D72273955500EB0C6E /* fuse.sks in Resources */,
				0C0627D82273955500EB0C6E /* explode.sks in Resources */,
				0C0627D52273955500EB0C6E /* background.png in Resources */,
				0C0627B7227394E100EB0C6E /* GameScene.sks in Resources */,
				0C0627C2227394E200EB0C6E /* Assets.xcassets in Resources */,
				0C0627D62273955500EB0C6E /* rocket.png in Resources */,
				0C0627C5227394E200EB0C6E /* LaunchScreen.storyboard in Resources */,
			);
			runOnlyForDeploymentPostprocessing = 0;
		};
/* End PBXResourcesBuildPhase section */

/* Begin PBXSourcesBuildPhase section */
		0C0627AD227394E100EB0C6E /* Sources */ = {
			isa = PBXSourcesBuildPhase;
			buildActionMask = 2147483647;
			files = (
				0C0627BB227394E100EB0C6E /* GameScene.swift in Sources */,
				0C0627BD227394E100EB0C6E /* GameViewController.swift in Sources */,
				0C0627B5227394E100EB0C6E /* AppDelegate.swift in Sources */,
			);
			runOnlyForDeploymentPostprocessing = 0;
		};
/* End PBXSourcesBuildPhase section */

/* Begin PBXVariantGroup section */
		0C0627BE227394E100EB0C6E /* Main.storyboard */ = {
			isa = PBXVariantGroup;
			children = (
				0C0627BF227394E100EB0C6E /* Base */,
			);
			name = Main.storyboard;
			sourceTree = "<group>";
		};
		0C0627C3227394E200EB0C6E /* LaunchScreen.storyboard */ = {
			isa = PBXVariantGroup;
			children = (
				0C0627C4227394E200EB0C6E /* Base */,
			);
			name = LaunchScreen.storyboard;
			sourceTree = "<group>";
		};
/* End PBXVariantGroup section */

/* Begin XCBuildConfiguration section */
		0C0627C7227394E200EB0C6E /* Debug */ = {
			isa = XCBuildConfiguration;
			buildSettings = {
				ALWAYS_SEARCH_USER_PATHS = NO;
				CLANG_ANALYZER_NONNULL = YES;
				CLANG_ANALYZER_NUMBER_OBJECT_CONVERSION = YES_AGGRESSIVE;
				CLANG_CXX_LANGUAGE_STANDARD = "gnu++14";
				CLANG_CXX_LIBRARY = "libc++";
				CLANG_ENABLE_MODULES = YES;
				CLANG_ENABLE_OBJC_ARC = YES;
				CLANG_ENABLE_OBJC_WEAK = YES;
				CLANG_WARN_BLOCK_CAPTURE_AUTORELEASING = YES;
				CLANG_WARN_BOOL_CONVERSION = YES;
				CLANG_WARN_COMMA = YES;
				CLANG_WARN_CONSTANT_CONVERSION = YES;
				CLANG_WARN_DEPRECATED_OBJC_IMPLEMENTATIONS = YES;
				CLANG_WARN_DIRECT_OBJC_ISA_USAGE = YES_ERROR;
				CLANG_WARN_DOCUMENTATION_COMMENTS = YES;
				CLANG_WARN_EMPTY_BODY = YES;
				CLANG_WARN_ENUM_CONVERSION = YES;
				CLANG_WARN_INFINITE_RECURSION = YES;
				CLANG_WARN_INT_CONVERSION = YES;
				CLANG_WARN_NON_LITERAL_NULL_CONVERSION = YES;
				CLANG_WARN_OBJC_IMPLICIT_RETAIN_SELF = YES;
				CLANG_WARN_OBJC_LITERAL_CONVERSION = YES;
				CLANG_WARN_OBJC_ROOT_CLASS = YES_ERROR;
				CLANG_WARN_RANGE_LOOP_ANALYSIS = YES;
				CLANG_WARN_STRICT_PROTOTYPES = YES;
				CLANG_WARN_SUSPICIOUS_MOVE = YES;
				CLANG_WARN_UNGUARDED_AVAILABILITY = YES_AGGRESSIVE;
				CLANG_WARN_UNREACHABLE_CODE = YES;
				CLANG_WARN__DUPLICATE_METHOD_MATCH = YES;
				CODE_SIGN_IDENTITY = "iPhone Developer";
				COPY_PHASE_STRIP = NO;
				DEBUG_INFORMATION_FORMAT = dwarf;
				ENABLE_STRICT_OBJC_MSGSEND = YES;
				ENABLE_TESTABILITY = YES;
				GCC_C_LANGUAGE_STANDARD = gnu11;
				GCC_DYNAMIC_NO_PIC = NO;
				GCC_NO_COMMON_BLOCKS = YES;
				GCC_OPTIMIZATION_LEVEL = 0;
				GCC_PREPROCESSOR_DEFINITIONS = (
					"DEBUG=1",
					"$(inherited)",
				);
				GCC_WARN_64_TO_32_BIT_CONVERSION = YES;
				GCC_WARN_ABOUT_RETURN_TYPE = YES_ERROR;
				GCC_WARN_UNDECLARED_SELECTOR = YES;
				GCC_WARN_UNINITIALIZED_AUTOS = YES_AGGRESSIVE;
				GCC_WARN_UNUSED_FUNCTION = YES;
				GCC_WARN_UNUSED_VARIABLE = YES;
				IPHONEOS_DEPLOYMENT_TARGET = 12.2;
				MTL_ENABLE_DEBUG_INFO = INCLUDE_SOURCE;
				MTL_FAST_MATH = YES;
				ONLY_ACTIVE_ARCH = YES;
				SDKROOT = iphoneos;
				SWIFT_ACTIVE_COMPILATION_CONDITIONS = DEBUG;
				SWIFT_OPTIMIZATION_LEVEL = "-Onone";
			};
			name = Debug;
		};
		0C0627C8227394E200EB0C6E /* Release */ = {
			isa = XCBuildConfiguration;
			buildSettings = {
				ALWAYS_SEARCH_USER_PATHS = NO;
				CLANG_ANALYZER_NONNULL = YES;
				CLANG_ANALYZER_NUMBER_OBJECT_CONVERSION = YES_AGGRESSIVE;
				CLANG_CXX_LANGUAGE_STANDARD = "gnu++14";
				CLANG_CXX_LIBRARY = "libc++";
				CLANG_ENABLE_MODULES = YES;
				CLANG_ENABLE_OBJC_ARC = YES;
				CLANG_ENABLE_OBJC_WEAK = YES;
				CLANG_WARN_BLOCK_CAPTURE_AUTORELEASING = YES;
				CLANG_WARN_BOOL_CONVERSION = YES;
				CLANG_WARN_COMMA = YES;
				CLANG_WARN_CONSTANT_CONVERSION = YES;
				CLANG_WARN_DEPRECATED_OBJC_IMPLEMENTATIONS = YES;
				CLANG_WARN_DIRECT_OBJC_ISA_USAGE = YES_ERROR;
				CLANG_WARN_DOCUMENTATION_COMMENTS = YES;
				CLANG_WARN_EMPTY_BODY = YES;
				CLANG_WARN_ENUM_CONVERSION = YES;
				CLANG_WARN_INFINITE_RECURSION = YES;
				CLANG_WARN_INT_CONVERSION = YES;
				CLANG_WARN_NON_LITERAL_NULL_CONVERSION = YES;
				CLANG_WARN_OBJC_IMPLICIT_RETAIN_SELF = YES;
				CLANG_WARN_OBJC_LITERAL_CONVERSION = YES;
				CLANG_WARN_OBJC_ROOT_CLASS = YES_ERROR;
				CLANG_WARN_RANGE_LOOP_ANALYSIS = YES;
				CLANG_WARN_STRICT_PROTOTYPES = YES;
				CLANG_WARN_SUSPICIOUS_MOVE = YES;
				CLANG_WARN_UNGUARDED_AVAILABILITY = YES_AGGRESSIVE;
				CLANG_WARN_UNREACHABLE_CODE = YES;
				CLANG_WARN__DUPLICATE_METHOD_MATCH = YES;
				CODE_SIGN_IDENTITY = "iPhone Developer";
				COPY_PHASE_STRIP = NO;
				DEBUG_INFORMATION_FORMAT = "dwarf-with-dsym";
				ENABLE_NS_ASSERTIONS = NO;
				ENABLE_STRICT_OBJC_MSGSEND = YES;
				GCC_C_LANGUAGE_STANDARD = gnu11;
				GCC_NO_COMMON_BLOCKS = YES;
				GCC_WARN_64_TO_32_BIT_CONVERSION = YES;
				GCC_WARN_ABOUT_RETURN_TYPE = YES_ERROR;
				GCC_WARN_UNDECLARED_SELECTOR = YES;
				GCC_WARN_UNINITIALIZED_AUTOS = YES_AGGRESSIVE;
				GCC_WARN_UNUSED_FUNCTION = YES;
				GCC_WARN_UNUSED_VARIABLE = YES;
				IPHONEOS_DEPLOYMENT_TARGET = 12.2;
				MTL_ENABLE_DEBUG_INFO = NO;
				MTL_FAST_MATH = YES;
				SDKROOT = iphoneos;
				SWIFT_COMPILATION_MODE = wholemodule;
				SWIFT_OPTIMIZATION_LEVEL = "-O";
				VALIDATE_PRODUCT = YES;
			};
			name = Release;
		};
		0C0627CA227394E200EB0C6E /* Debug */ = {
			isa = XCBuildConfiguration;
			buildSettings = {
				ASSETCATALOG_COMPILER_APPICON_NAME = AppIcon;
				CODE_SIGN_STYLE = Automatic;
				DEVELOPMENT_TEAM = JD3J5GCV9C;
				INFOPLIST_FILE = Project20/Info.plist;
				LD_RUNPATH_SEARCH_PATHS = (
					"$(inherited)",
					"@executable_path/Frameworks",
				);
				PRODUCT_BUNDLE_IDENTIFIER = com.chams.Project20;
				PRODUCT_NAME = "$(TARGET_NAME)";
				SWIFT_VERSION = 5.0;
				TARGETED_DEVICE_FAMILY = 2;
			};
			name = Debug;
		};
		0C0627CB227394E200EB0C6E /* Release */ = {
			isa = XCBuildConfiguration;
			buildSettings = {
				ASSETCATALOG_COMPILER_APPICON_NAME = AppIcon;
				CODE_SIGN_STYLE = Automatic;
				DEVELOPMENT_TEAM = JD3J5GCV9C;
				INFOPLIST_FILE = Project20/Info.plist;
				LD_RUNPATH_SEARCH_PATHS = (
					"$(inherited)",
					"@executable_path/Frameworks",
				);
				PRODUCT_BUNDLE_IDENTIFIER = com.chams.Project20;
				PRODUCT_NAME = "$(TARGET_NAME)";
				SWIFT_VERSION = 5.0;
				TARGETED_DEVICE_FAMILY = 2;
			};
			name = Release;
		};
/* End XCBuildConfiguration section */

/* Begin XCConfigurationList section */
		0C0627AC227394E100EB0C6E /* Build configuration list for PBXProject "Project20" */ = {
			isa = XCConfigurationList;
			buildConfigurations = (
				0C0627C7227394E200EB0C6E /* Debug */,
				0C0627C8227394E200EB0C6E /* Release */,
			);
			defaultConfigurationIsVisible = 0;
			defaultConfigurationName = Release;
		};
		0C0627C9227394E200EB0C6E /* Build configuration list for PBXNativeTarget "Project20" */ = {
			isa = XCConfigurationList;
			buildConfigurations = (
				0C0627CA227394E200EB0C6E /* Debug */,
				0C0627CB227394E200EB0C6E /* Release */,
			);
			defaultConfigurationIsVisible = 0;
			defaultConfigurationName = Release;
		};
/* End XCConfigurationList section */
	};
	rootObject = 0C0627A9227394E100EB0C6E /* Project object */;
}
